
Microsoft Visual Studio Solution File, Format Version 12.00
# Visual Studio Express 2012 for Windows Desktop
Project("{FAE04EC0-301F-11D3-BF4B-00C04F79EFBC}") = "2017_06_02_Agenda", "2017_06_02_Agenda\2017_06_02_Agenda.csproj", "{D434787E-88C0-4ADB-9AA0-0DADB513B8B4}"
EndProject
Global
	GlobalSection(SolutionConfigurationPlatforms) = preSolution
		Debug|Any CPU = Debug|Any CPU
		Release|Any CPU = Release|Any CPU
	EndGlobalSection
	GlobalSection(ProjectConfigurationPlatforms) = postSolution
		{D434787E-88C0-4ADB-9AA0-0DADB513B8B4}.Debug|Any CPU.ActiveCfg = Debug|Any CPU
		{D434787E-88C0-4ADB-9AA0-0DADB513B8B4}.Debug|Any CPU.Build.0 = Debug|Any CPU
		{D434787E-88C0-4ADB-9AA0-0DADB513B8B4}.Release|Any CPU.ActiveCfg = Release|Any CPU
		{D434787E-88C0-4ADB-9AA0-0DADB513B8B4}.Release|Any CPU.Build.0 = Release|Any CPU
	EndGlobalSection
	GlobalSection(SolutionProperties) = preSolution
		HideSolutionNode = FALSE
	EndGlobalSection
EndGlobal
